Microsoft Visual Studio Solution File, Format Version 12.00
# Visual Studio Version 17
VisualStudioVersion = 17.2.32630.192
MinimumVisualStudioVersion = 10.0.40219.1
Project("{9A19103F-16F7-4668-BE54-9A1E7A4F7556}") = "Indico", "Indico\Indico.csproj", "{C640372C-563F-4A1F-AA29-55BB2F874C84}"
EndProject
Project("{9A19103F-16F7-4668-BE54-9A1E7A4F7556}") = "Indico.Tests", "Indico.Tests\Indico.Tests.csproj", "{B2073447-E583-437C-B778-58FEC18DBFAB}"
EndProject
Project("{2150E333-8FDC-42A3-9474-1A3956D46DE8}") = "Examples", "Examples", "{DD4C5530-B244-46CD-B4E8-A0DFE0C6A542}"
EndProject
Project("{2150E333-8FDC-42A3-9474-1A3956D46DE8}") = "V2", "V2", "{7AEFB4F3-8541-41B2-98E7-0B202C680389}"
EndProject
Project("{9A19103F-16F7-4668-BE54-9A1E7A4F7556}") = "IndicoV2.Tests", "IndicoV2.Tests\IndicoV2.Tests.csproj", "{8540888D-294C-46F7-BAD0-44A2B6F94E0A}"
EndProject
Project("{9A19103F-16F7-4668-BE54-9A1E7A4F7556}") = "IndicoV2.V1Adapters.Tests", "IndicoV2.V1Adapters.Tests\IndicoV2.V1Adapters.Tests.csproj", "{77D93F6B-65F6-462E-95F1-027A48ADD3D5}"
EndProject
Project("{2150E333-8FDC-42A3-9474-1A3956D46DE8}") = "Solution Items", "Solution Items", "{E0AB63FE-E9CD-4EDD-848F-87AB335BAF0A}"
	ProjectSection(SolutionItems) = preProject
		.editorconfig = .editorconfig
		.gitignore = .gitignore
		.github\workflows\Branch build.yml = .github\workflows\Branch build.yml
		Directory.Build.props = Directory.Build.props
		Nuget.props = Nuget.props
		.github\workflows\PR build.yml = .github\workflows\PR build.yml
	EndProjectSection
EndProject
Project("{9A19103F-16F7-4668-BE54-9A1E7A4F7556}") = "IndicoV2.StrawberryShake", "IndicoV2.StrawberryShake\IndicoV2.StrawberryShake.csproj", "{8036AC74-2DC5-4C98-89F6-99E74CEC4858}"
EndProject
Project("{FAE04EC0-301F-11D3-BF4B-00C04F79EFBC}") = "AddDataSetFiles", "Examples\AddDataSetFiles\AddDataSetFiles.csproj", "{EA95BCF9-7C7D-4549-85D1-C90778B648CC}"
EndProject
Project("{FAE04EC0-301F-11D3-BF4B-00C04F79EFBC}") = "WorkflowSubmission", "Examples\WorkflowSubmission\WorkflowSubmission.csproj", "{0ED72E31-14A3-4208-B307-D5F52829E987}"
EndProject
Project("{FAE04EC0-301F-11D3-BF4B-00C04F79EFBC}") = "AmazonSQS", "Examples\AmazonSQS\AmazonSQS.csproj", "{03B569AD-FD4A-4C81-9513-06BFAF72636C}"
EndProject
Project("{FAE04EC0-301F-11D3-BF4B-00C04F79EFBC}") = "IndicoV2.IntegrationTests", "IndicoV2.IntegrationTests\IndicoV2.IntegrationTests.csproj", "{09FAFD16-6EB4-4F0C-BCFA-0B1911FE2A8A}"
EndProject
Project("{FAE04EC0-301F-11D3-BF4B-00C04F79EFBC}") = "GraphqlCall", "Examples\GraphqlCall\GraphqlCall.csproj", "{D574D7CE-7810-4EA4-9A30-CF04F0F9498B}"
EndProject
Project("{FAE04EC0-301F-11D3-BF4B-00C04F79EFBC}") = "IndicoV2", "IndicoV2\IndicoV2.csproj", "{415CC133-8266-43CE-A684-315E0A03D9E1}"
EndProject
Project("{FAE04EC0-301F-11D3-BF4B-00C04F79EFBC}") = "IndicoV2.Abstractions", "IndicoV2.Abstractions\IndicoV2.Abstractions.csproj", "{372C5822-1561-4F56-B11D-410F2653081F}"
EndProject
Project("{FAE04EC0-301F-11D3-BF4B-00C04F79EFBC}") = "IndicoV2.V1Adapters", "IndicoV2.V1Adapters\IndicoV2.V1Adapters.csproj", "{5ECBB2F8-14EF-427E-9136-2458C9A0860E}"
EndProject
Project("{FAE04EC0-301F-11D3-BF4B-00C04F79EFBC}") = "GetPredictionsBasic", "Examples\GetPredictionsBasic\GetPredictionsBasic.csproj", "{CC46C9DC-5259-4738-9D35-EE3B5985BAF8}"
EndProject
Project("{FAE04EC0-301F-11D3-BF4B-00C04F79EFBC}") = "GetPredictionsWithReview", "Examples\GetPredictionsWithReview\GetPredictionsWithReview.csproj", "{2A81240F-39D0-49A0-99CA-C987E074E4F5}"
EndProject
Global
	GlobalSection(SolutionConfigurationPlatforms) = preSolution
		Debug|Any CPU = Debug|Any CPU
		Debug|x64 = Debug|x64
		Debug|x86 = Debug|x86
		Release|Any CPU = Release|Any CPU
		Release|x64 = Release|x64
		Release|x86 = Release|x86
	EndGlobalSection
	GlobalSection(ProjectConfigurationPlatforms) = postSolution
		{C640372C-563F-4A1F-AA29-55BB2F874C84}.Debug|Any CPU.ActiveCfg = Debug|Any CPU
		{C640372C-563F-4A1F-AA29-55BB2F874C84}.Debug|Any CPU.Build.0 = Debug|Any CPU
		{C640372C-563F-4A1F-AA29-55BB2F874C84}.Debug|x64.ActiveCfg = Debug|Any CPU
		{C640372C-563F-4A1F-AA29-55BB2F874C84}.Debug|x64.Build.0 = Debug|Any CPU
		{C640372C-563F-4A1F-AA29-55BB2F874C84}.Debug|x86.ActiveCfg = Debug|Any CPU
		{C640372C-563F-4A1F-AA29-55BB2F874C84}.Debug|x86.Build.0 = Debug|Any CPU
		{C640372C-563F-4A1F-AA29-55BB2F874C84}.Release|Any CPU.ActiveCfg = Release|Any CPU
		{C640372C-563F-4A1F-AA29-55BB2F874C84}.Release|Any CPU.Build.0 = Release|Any CPU
		{C640372C-563F-4A1F-AA29-55BB2F874C84}.Release|x64.ActiveCfg = Release|Any CPU
		{C640372C-563F-4A1F-AA29-55BB2F874C84}.Release|x64.Build.0 = Release|Any CPU
		{C640372C-563F-4A1F-AA29-55BB2F874C84}.Release|x86.ActiveCfg = Release|Any CPU
		{C640372C-563F-4A1F-AA29-55BB2F874C84}.Release|x86.Build.0 = Release|Any CPU
		{B2073447-E583-437C-B778-58FEC18DBFAB}.Debug|Any CPU.ActiveCfg = Debug|Any CPU
		{B2073447-E583-437C-B778-58FEC18DBFAB}.Debug|Any CPU.Build.0 = Debug|Any CPU
		{B2073447-E583-437C-B778-58FEC18DBFAB}.Debug|x64.ActiveCfg = Debug|Any CPU
		{B2073447-E583-437C-B778-58FEC18DBFAB}.Debug|x64.Build.0 = Debug|Any CPU
		{B2073447-E583-437C-B778-58FEC18DBFAB}.Debug|x86.ActiveCfg = Debug|Any CPU
		{B2073447-E583-437C-B778-58FEC18DBFAB}.Debug|x86.Build.0 = Debug|Any CPU
		{B2073447-E583-437C-B778-58FEC18DBFAB}.Release|Any CPU.ActiveCfg = Release|Any CPU
		{B2073447-E583-437C-B778-58FEC18DBFAB}.Release|Any CPU.Build.0 = Release|Any CPU
		{B2073447-E583-437C-B778-58FEC18DBFAB}.Release|x64.ActiveCfg = Release|Any CPU
		{B2073447-E583-437C-B778-58FEC18DBFAB}.Release|x64.Build.0 = Release|Any CPU
		{B2073447-E583-437C-B778-58FEC18DBFAB}.Release|x86.ActiveCfg = Release|Any CPU
		{B2073447-E583-437C-B778-58FEC18DBFAB}.Release|x86.Build.0 = Release|Any CPU
		{8540888D-294C-46F7-BAD0-44A2B6F94E0A}.Debug|Any CPU.ActiveCfg = Debug|Any CPU
		{8540888D-294C-46F7-BAD0-44A2B6F94E0A}.Debug|Any CPU.Build.0 = Debug|Any CPU
		{8540888D-294C-46F7-BAD0-44A2B6F94E0A}.Debug|x64.ActiveCfg = Debug|Any CPU
		{8540888D-294C-46F7-BAD0-44A2B6F94E0A}.Debug|x64.Build.0 = Debug|Any CPU
		{8540888D-294C-46F7-BAD0-44A2B6F94E0A}.Debug|x86.ActiveCfg = Debug|Any CPU
		{8540888D-294C-46F7-BAD0-44A2B6F94E0A}.Debug|x86.Build.0 = Debug|Any CPU
		{8540888D-294C-46F7-BAD0-44A2B6F94E0A}.Release|Any CPU.ActiveCfg = Release|Any CPU
		{8540888D-294C-46F7-BAD0-44A2B6F94E0A}.Release|Any CPU.Build.0 = Release|Any CPU
		{8540888D-294C-46F7-BAD0-44A2B6F94E0A}.Release|x64.ActiveCfg = Release|Any CPU
		{8540888D-294C-46F7-BAD0-44A2B6F94E0A}.Release|x64.Build.0 = Release|Any CPU
		{8540888D-294C-46F7-BAD0-44A2B6F94E0A}.Release|x86.ActiveCfg = Release|Any CPU
		{8540888D-294C-46F7-BAD0-44A2B6F94E0A}.Release|x86.Build.0 = Release|Any CPU
		{77D93F6B-65F6-462E-95F1-027A48ADD3D5}.Debug|Any CPU.ActiveCfg = Debug|Any CPU
		{77D93F6B-65F6-462E-95F1-027A48ADD3D5}.Debug|Any CPU.Build.0 = Debug|Any CPU
		{77D93F6B-65F6-462E-95F1-027A48ADD3D5}.Debug|x64.ActiveCfg = Debug|Any CPU
		{77D93F6B-65F6-462E-95F1-027A48ADD3D5}.Debug|x64.Build.0 = Debug|Any CPU
		{77D93F6B-65F6-462E-95F1-027A48ADD3D5}.Debug|x86.ActiveCfg = Debug|Any CPU
		{77D93F6B-65F6-462E-95F1-027A48ADD3D5}.Debug|x86.Build.0 = Debug|Any CPU
		{77D93F6B-65F6-462E-95F1-027A48ADD3D5}.Release|Any CPU.ActiveCfg = Release|Any CPU
		{77D93F6B-65F6-462E-95F1-027A48ADD3D5}.Release|Any CPU.Build.0 = Release|Any CPU
		{77D93F6B-65F6-462E-95F1-027A48ADD3D5}.Release|x64.ActiveCfg = Release|Any CPU
		{77D93F6B-65F6-462E-95F1-027A48ADD3D5}.Release|x64.Build.0 = Release|Any CPU
		{77D93F6B-65F6-462E-95F1-027A48ADD3D5}.Release|x86.ActiveCfg = Release|Any CPU
		{77D93F6B-65F6-462E-95F1-027A48ADD3D5}.Release|x86.Build.0 = Release|Any CPU
		{8036AC74-2DC5-4C98-89F6-99E74CEC4858}.Debug|Any CPU.ActiveCfg = Debug|Any CPU
		{8036AC74-2DC5-4C98-89F6-99E74CEC4858}.Debug|Any CPU.Build.0 = Debug|Any CPU
		{8036AC74-2DC5-4C98-89F6-99E74CEC4858}.Debug|x64.ActiveCfg = Debug|Any CPU
		{8036AC74-2DC5-4C98-89F6-99E74CEC4858}.Debug|x64.Build.0 = Debug|Any CPU
		{8036AC74-2DC5-4C98-89F6-99E74CEC4858}.Debug|x86.ActiveCfg = Debug|Any CPU
		{8036AC74-2DC5-4C98-89F6-99E74CEC4858}.Debug|x86.Build.0 = Debug|Any CPU
		{8036AC74-2DC5-4C98-89F6-99E74CEC4858}.Release|Any CPU.ActiveCfg = Release|Any CPU
		{8036AC74-2DC5-4C98-89F6-99E74CEC4858}.Release|Any CPU.Build.0 = Release|Any CPU
		{8036AC74-2DC5-4C98-89F6-99E74CEC4858}.Release|x64.ActiveCfg = Release|Any CPU
		{8036AC74-2DC5-4C98-89F6-99E74CEC4858}.Release|x64.Build.0 = Release|Any CPU
		{8036AC74-2DC5-4C98-89F6-99E74CEC4858}.Release|x86.ActiveCfg = Release|Any CPU
		{8036AC74-2DC5-4C98-89F6-99E74CEC4858}.Release|x86.Build.0 = Release|Any CPU
		{EA95BCF9-7C7D-4549-85D1-C90778B648CC}.Debug|Any CPU.ActiveCfg = Debug|Any CPU
		{EA95BCF9-7C7D-4549-85D1-C90778B648CC}.Debug|Any CPU.Build.0 = Debug|Any CPU
		{EA95BCF9-7C7D-4549-85D1-C90778B648CC}.Debug|x64.ActiveCfg = Debug|Any CPU
		{EA95BCF9-7C7D-4549-85D1-C90778B648CC}.Debug|x64.Build.0 = Debug|Any CPU
		{EA95BCF9-7C7D-4549-85D1-C90778B648CC}.Debug|x86.ActiveCfg = Debug|Any CPU
		{EA95BCF9-7C7D-4549-85D1-C90778B648CC}.Debug|x86.Build.0 = Debug|Any CPU
		{EA95BCF9-7C7D-4549-85D1-C90778B648CC}.Release|Any CPU.ActiveCfg = Release|Any CPU
		{EA95BCF9-7C7D-4549-85D1-C90778B648CC}.Release|Any CPU.Build.0 = Release|Any CPU
		{EA95BCF9-7C7D-4549-85D1-C90778B648CC}.Release|x64.ActiveCfg = Release|Any CPU
		{EA95BCF9-7C7D-4549-85D1-C90778B648CC}.Release|x64.Build.0 = Release|Any CPU
		{EA95BCF9-7C7D-4549-85D1-C90778B648CC}.Release|x86.ActiveCfg = Release|Any CPU
		{EA95BCF9-7C7D-4549-85D1-C90778B648CC}.Release|x86.Build.0 = Release|Any CPU
		{0ED72E31-14A3-4208-B307-D5F52829E987}.Debug|Any CPU.ActiveCfg = Debug|Any CPU
		{0ED72E31-14A3-4208-B307-D5F52829E987}.Debug|Any CPU.Build.0 = Debug|Any CPU
		{0ED72E31-14A3-4208-B307-D5F52829E987}.Debug|x64.ActiveCfg = Debug|Any CPU
		{0ED72E31-14A3-4208-B307-D5F52829E987}.Debug|x64.Build.0 = Debug|Any CPU
		{0ED72E31-14A3-4208-B307-D5F52829E987}.Debug|x86.ActiveCfg = Debug|Any CPU
		{0ED72E31-14A3-4208-B307-D5F52829E987}.Debug|x86.Build.0 = Debug|Any CPU
		{0ED72E31-14A3-4208-B307-D5F52829E987}.Release|Any CPU.ActiveCfg = Release|Any CPU
		{0ED72E31-14A3-4208-B307-D5F52829E987}.Release|Any CPU.Build.0 = Release|Any CPU
		{0ED72E31-14A3-4208-B307-D5F52829E987}.Release|x64.ActiveCfg = Release|Any CPU
		{0ED72E31-14A3-4208-B307-D5F52829E987}.Release|x64.Build.0 = Release|Any CPU
		{0ED72E31-14A3-4208-B307-D5F52829E987}.Release|x86.ActiveCfg = Release|Any CPU
		{0ED72E31-14A3-4208-B307-D5F52829E987}.Release|x86.Build.0 = Release|Any CPU
		{03B569AD-FD4A-4C81-9513-06BFAF72636C}.Debug|Any CPU.ActiveCfg = Debug|Any CPU
		{03B569AD-FD4A-4C81-9513-06BFAF72636C}.Debug|Any CPU.Build.0 = Debug|Any CPU
		{03B569AD-FD4A-4C81-9513-06BFAF72636C}.Debug|x64.ActiveCfg = Debug|Any CPU
		{03B569AD-FD4A-4C81-9513-06BFAF72636C}.Debug|x64.Build.0 = Debug|Any CPU
		{03B569AD-FD4A-4C81-9513-06BFAF72636C}.Debug|x86.ActiveCfg = Debug|Any CPU
		{03B569AD-FD4A-4C81-9513-06BFAF72636C}.Debug|x86.Build.0 = Debug|Any CPU
		{03B569AD-FD4A-4C81-9513-06BFAF72636C}.Release|Any CPU.ActiveCfg = Release|Any CPU
		{03B569AD-FD4A-4C81-9513-06BFAF72636C}.Release|Any CPU.Build.0 = Release|Any CPU
		{03B569AD-FD4A-4C81-9513-06BFAF72636C}.Release|x64.ActiveCfg = Release|Any CPU
		{03B569AD-FD4A-4C81-9513-06BFAF72636C}.Release|x64.Build.0 = Release|Any CPU
		{03B569AD-FD4A-4C81-9513-06BFAF72636C}.Release|x86.ActiveCfg = Release|Any CPU
		{03B569AD-FD4A-4C81-9513-06BFAF72636C}.Release|x86.Build.0 = Release|Any CPU
		{09FAFD16-6EB4-4F0C-BCFA-0B1911FE2A8A}.Debug|Any CPU.ActiveCfg = Debug|Any CPU
		{09FAFD16-6EB4-4F0C-BCFA-0B1911FE2A8A}.Debug|Any CPU.Build.0 = Debug|Any CPU
		{09FAFD16-6EB4-4F0C-BCFA-0B1911FE2A8A}.Debug|x64.ActiveCfg = Debug|Any CPU
		{09FAFD16-6EB4-4F0C-BCFA-0B1911FE2A8A}.Debug|x64.Build.0 = Debug|Any CPU
		{09FAFD16-6EB4-4F0C-BCFA-0B1911FE2A8A}.Debug|x86.ActiveCfg = Debug|Any CPU
		{09FAFD16-6EB4-4F0C-BCFA-0B1911FE2A8A}.Debug|x86.Build.0 = Debug|Any CPU
		{09FAFD16-6EB4-4F0C-BCFA-0B1911FE2A8A}.Release|Any CPU.ActiveCfg = Release|Any CPU
		{09FAFD16-6EB4-4F0C-BCFA-0B1911FE2A8A}.Release|Any CPU.Build.0 = Release|Any CPU
		{09FAFD16-6EB4-4F0C-BCFA-0B1911FE2A8A}.Release|x64.ActiveCfg = Release|Any CPU
		{09FAFD16-6EB4-4F0C-BCFA-0B1911FE2A8A}.Release|x64.Build.0 = Release|Any CPU
		{09FAFD16-6EB4-4F0C-BCFA-0B1911FE2A8A}.Release|x86.ActiveCfg = Release|Any CPU
		{09FAFD16-6EB4-4F0C-BCFA-0B1911FE2A8A}.Release|x86.Build.0 = Release|Any CPU
		{D574D7CE-7810-4EA4-9A30-CF04F0F9498B}.Debug|Any CPU.ActiveCfg = Debug|Any CPU
		{D574D7CE-7810-4EA4-9A30-CF04F0F9498B}.Debug|Any CPU.Build.0 = Debug|Any CPU
		{D574D7CE-7810-4EA4-9A30-CF04F0F9498B}.Debug|x64.ActiveCfg = Debug|Any CPU
		{D574D7CE-7810-4EA4-9A30-CF04F0F9498B}.Debug|x64.Build.0 = Debug|Any CPU
		{D574D7CE-7810-4EA4-9A30-CF04F0F9498B}.Debug|x86.ActiveCfg = Debug|Any CPU
		{D574D7CE-7810-4EA4-9A30-CF04F0F9498B}.Debug|x86.Build.0 = Debug|Any CPU
		{D574D7CE-7810-4EA4-9A30-CF04F0F9498B}.Release|Any CPU.ActiveCfg = Release|Any CPU
		{D574D7CE-7810-4EA4-9A30-CF04F0F9498B}.Release|Any CPU.Build.0 = Release|Any CPU
		{D574D7CE-7810-4EA4-9A30-CF04F0F9498B}.Release|x64.ActiveCfg = Release|Any CPU
		{D574D7CE-7810-4EA4-9A30-CF04F0F9498B}.Release|x64.Build.0 = Release|Any CPU
		{D574D7CE-7810-4EA4-9A30-CF04F0F9498B}.Release|x86.ActiveCfg = Release|Any CPU
		{D574D7CE-7810-4EA4-9A30-CF04F0F9498B}.Release|x86.Build.0 = Release|Any CPU
		{415CC133-8266-43CE-A684-315E0A03D9E1}.Debug|Any CPU.ActiveCfg = Debug|Any CPU
		{415CC133-8266-43CE-A684-315E0A03D9E1}.Debug|Any CPU.Build.0 = Debug|Any CPU
		{415CC133-8266-43CE-A684-315E0A03D9E1}.Debug|x64.ActiveCfg = Debug|Any CPU
		{415CC133-8266-43CE-A684-315E0A03D9E1}.Debug|x64.Build.0 = Debug|Any CPU
		{415CC133-8266-43CE-A684-315E0A03D9E1}.Debug|x86.ActiveCfg = Debug|Any CPU
		{415CC133-8266-43CE-A684-315E0A03D9E1}.Debug|x86.Build.0 = Debug|Any CPU
		{415CC133-8266-43CE-A684-315E0A03D9E1}.Release|Any CPU.ActiveCfg = Release|Any CPU
		{415CC133-8266-43CE-A684-315E0A03D9E1}.Release|Any CPU.Build.0 = Release|Any CPU
		{415CC133-8266-43CE-A684-315E0A03D9E1}.Release|x64.ActiveCfg = Release|Any CPU
		{415CC133-8266-43CE-A684-315E0A03D9E1}.Release|x64.Build.0 = Release|Any CPU
		{415CC133-8266-43CE-A684-315E0A03D9E1}.Release|x86.ActiveCfg = Release|Any CPU
		{415CC133-8266-43CE-A684-315E0A03D9E1}.Release|x86.Build.0 = Release|Any CPU
		{372C5822-1561-4F56-B11D-410F2653081F}.Debug|Any CPU.ActiveCfg = Debug|Any CPU
		{372C5822-1561-4F56-B11D-410F2653081F}.Debug|Any CPU.Build.0 = Debug|Any CPU
		{372C5822-1561-4F56-B11D-410F2653081F}.Debug|x64.ActiveCfg = Debug|Any CPU
		{372C5822-1561-4F56-B11D-410F2653081F}.Debug|x64.Build.0 = Debug|Any CPU
		{372C5822-1561-4F56-B11D-410F2653081F}.Debug|x86.ActiveCfg = Debug|Any CPU
		{372C5822-1561-4F56-B11D-410F2653081F}.Debug|x86.Build.0 = Debug|Any CPU
		{372C5822-1561-4F56-B11D-410F2653081F}.Release|Any CPU.ActiveCfg = Release|Any CPU
		{372C5822-1561-4F56-B11D-410F2653081F}.Release|Any CPU.Build.0 = Release|Any CPU
		{372C5822-1561-4F56-B11D-410F2653081F}.Release|x64.ActiveCfg = Release|Any CPU
		{372C5822-1561-4F56-B11D-410F2653081F}.Release|x64.Build.0 = Release|Any CPU
		{372C5822-1561-4F56-B11D-410F2653081F}.Release|x86.ActiveCfg = Release|Any CPU
		{372C5822-1561-4F56-B11D-410F2653081F}.Release|x86.Build.0 = Release|Any CPU
		{5ECBB2F8-14EF-427E-9136-2458C9A0860E}.Debug|Any CPU.ActiveCfg = Debug|Any CPU
		{5ECBB2F8-14EF-427E-9136-2458C9A0860E}.Debug|Any CPU.Build.0 = Debug|Any CPU
		{5ECBB2F8-14EF-427E-9136-2458C9A0860E}.Debug|x64.ActiveCfg = Debug|Any CPU
		{5ECBB2F8-14EF-427E-9136-2458C9A0860E}.Debug|x64.Build.0 = Debug|Any CPU
		{5ECBB2F8-14EF-427E-9136-2458C9A0860E}.Debug|x86.ActiveCfg = Debug|Any CPU
		{5ECBB2F8-14EF-427E-9136-2458C9A0860E}.Debug|x86.Build.0 = Debug|Any CPU
		{5ECBB2F8-14EF-427E-9136-2458C9A0860E}.Release|Any CPU.ActiveCfg = Release|Any CPU
		{5ECBB2F8-14EF-427E-9136-2458C9A0860E}.Release|Any CPU.Build.0 = Release|Any CPU
		{5ECBB2F8-14EF-427E-9136-2458C9A0860E}.Release|x64.ActiveCfg = Release|Any CPU
		{5ECBB2F8-14EF-427E-9136-2458C9A0860E}.Release|x64.Build.0 = Release|Any CPU
		{5ECBB2F8-14EF-427E-9136-2458C9A0860E}.Release|x86.ActiveCfg = Release|Any CPU
		{5ECBB2F8-14EF-427E-9136-2458C9A0860E}.Release|x86.Build.0 = Release|Any CPU
		{CC46C9DC-5259-4738-9D35-EE3B5985BAF8}.Debug|Any CPU.ActiveCfg = Debug|Any CPU
		{CC46C9DC-5259-4738-9D35-EE3B5985BAF8}.Debug|Any CPU.Build.0 = Debug|Any CPU
		{CC46C9DC-5259-4738-9D35-EE3B5985BAF8}.Debug|x64.ActiveCfg = Debug|Any CPU
		{CC46C9DC-5259-4738-9D35-EE3B5985BAF8}.Debug|x64.Build.0 = Debug|Any CPU
		{CC46C9DC-5259-4738-9D35-EE3B5985BAF8}.Debug|x86.ActiveCfg = Debug|Any CPU
		{CC46C9DC-5259-4738-9D35-EE3B5985BAF8}.Debug|x86.Build.0 = Debug|Any CPU
		{CC46C9DC-5259-4738-9D35-EE3B5985BAF8}.Release|Any CPU.ActiveCfg = Release|Any CPU
		{CC46C9DC-5259-4738-9D35-EE3B5985BAF8}.Release|Any CPU.Build.0 = Release|Any CPU
		{CC46C9DC-5259-4738-9D35-EE3B5985BAF8}.Release|x64.ActiveCfg = Release|Any CPU
		{CC46C9DC-5259-4738-9D35-EE3B5985BAF8}.Release|x64.Build.0 = Release|Any CPU
		{CC46C9DC-5259-4738-9D35-EE3B5985BAF8}.Release|x86.ActiveCfg = Release|Any CPU
		{CC46C9DC-5259-4738-9D35-EE3B5985BAF8}.Release|x86.Build.0 = Release|Any CPU
		{2A81240F-39D0-49A0-99CA-C987E074E4F5}.Debug|Any CPU.ActiveCfg = Debug|Any CPU
		{2A81240F-39D0-49A0-99CA-C987E074E4F5}.Debug|Any CPU.Build.0 = Debug|Any CPU
		{2A81240F-39D0-49A0-99CA-C987E074E4F5}.Debug|x64.ActiveCfg = Debug|Any CPU
		{2A81240F-39D0-49A0-99CA-C987E074E4F5}.Debug|x64.Build.0 = Debug|Any CPU
		{2A81240F-39D0-49A0-99CA-C987E074E4F5}.Debug|x86.ActiveCfg = Debug|Any CPU
		{2A81240F-39D0-49A0-99CA-C987E074E4F5}.Debug|x86.Build.0 = Debug|Any CPU
		{2A81240F-39D0-49A0-99CA-C987E074E4F5}.Release|Any CPU.ActiveCfg = Release|Any CPU
		{2A81240F-39D0-49A0-99CA-C987E074E4F5}.Release|Any CPU.Build.0 = Release|Any CPU
		{2A81240F-39D0-49A0-99CA-C987E074E4F5}.Release|x64.ActiveCfg = Release|Any CPU
		{2A81240F-39D0-49A0-99CA-C987E074E4F5}.Release|x64.Build.0 = Release|Any CPU
		{2A81240F-39D0-49A0-99CA-C987E074E4F5}.Release|x86.ActiveCfg = Release|Any CPU
		{2A81240F-39D0-49A0-99CA-C987E074E4F5}.Release|x86.Build.0 = Release|Any CPU
	EndGlobalSection
	GlobalSection(SolutionProperties) = preSolution
		HideSolutionNode = FALSE
	EndGlobalSection
	GlobalSection(NestedProjects) = preSolution
		{8540888D-294C-46F7-BAD0-44A2B6F94E0A} = {7AEFB4F3-8541-41B2-98E7-0B202C680389}
		{77D93F6B-65F6-462E-95F1-027A48ADD3D5} = {7AEFB4F3-8541-41B2-98E7-0B202C680389}
		{8036AC74-2DC5-4C98-89F6-99E74CEC4858} = {7AEFB4F3-8541-41B2-98E7-0B202C680389}
		{EA95BCF9-7C7D-4549-85D1-C90778B648CC} = {DD4C5530-B244-46CD-B4E8-A0DFE0C6A542}
		{0ED72E31-14A3-4208-B307-D5F52829E987} = {DD4C5530-B244-46CD-B4E8-A0DFE0C6A542}
		{03B569AD-FD4A-4C81-9513-06BFAF72636C} = {DD4C5530-B244-46CD-B4E8-A0DFE0C6A542}
		{D574D7CE-7810-4EA4-9A30-CF04F0F9498B} = {DD4C5530-B244-46CD-B4E8-A0DFE0C6A542}
		{CC46C9DC-5259-4738-9D35-EE3B5985BAF8} = {DD4C5530-B244-46CD-B4E8-A0DFE0C6A542}
		{2A81240F-39D0-49A0-99CA-C987E074E4F5} = {DD4C5530-B244-46CD-B4E8-A0DFE0C6A542}
	EndGlobalSection
	GlobalSection(ExtensibilityGlobals) = postSolution
		SolutionGuid = {38B0065C-774B-4FD4-BB59-14DE16428C2D}
	EndGlobalSection
EndGlobal
