
Microsoft Visual Studio Solution File, Format Version 12.00
# Visual Studio Version 16
VisualStudioVersion = 16.0.30002.166
MinimumVisualStudioVersion = 10.0.40219.1
Project("{9A19103F-16F7-4668-BE54-9A1E7A4F7556}") = "Indico", "Indico\Indico.csproj", "{C640372C-563F-4A1F-AA29-55BB2F874C84}"
EndProject
Project("{9A19103F-16F7-4668-BE54-9A1E7A4F7556}") = "Indico.Tests", "Indico.Tests\Indico.Tests.csproj", "{B2073447-E583-437C-B778-58FEC18DBFAB}"
EndProject
Project("{9A19103F-16F7-4668-BE54-9A1E7A4F7556}") = "SingleDocExtraction", "SingleDocExtraction\SingleDocExtraction.csproj", "{E80667B5-3F03-4024-BE1E-AFB3E296159E}"
EndProject
Project("{9A19103F-16F7-4668-BE54-9A1E7A4F7556}") = "GraphqlCall", "GraphqlCall\GraphqlCall.csproj", "{D0B9C38F-8409-4A49-BA6D-0A8D40384C7A}"
EndProject
Project("{9A19103F-16F7-4668-BE54-9A1E7A4F7556}") = "GetModelTrainingProgress", "GetModelTrainingProgress\GetModelTrainingProgress.csproj", "{F3510DC3-CDFA-4A54-8DA0-79C67763F790}"
EndProject
Project("{2150E333-8FDC-42A3-9474-1A3956D46DE8}") = "Examples", "Examples", "{DD4C5530-B244-46CD-B4E8-A0DFE0C6A542}"
EndProject
Project("{9A19103F-16F7-4668-BE54-9A1E7A4F7556}") = "GetPredictions", "GetPredictions\GetPredictions.csproj", "{4A314A4A-786A-4D72-A1CB-C6A57F5FA8F5}"
EndProject
Project("{9A19103F-16F7-4668-BE54-9A1E7A4F7556}") = "OcrPredict", "OcrPredict\OcrPredict.csproj", "{31682601-4777-44AC-8668-DE009F70C131}"
EndProject
Project("{9A19103F-16F7-4668-BE54-9A1E7A4F7556}") = "SubmitWorkflows", "WorkflowSubmission\SubmitWorkflows.csproj", "{45DCF6F0-6727-4D94-8E72-9A8A3F04733A}"
EndProject
Project("{2150E333-8FDC-42A3-9474-1A3956D46DE8}") = "V2", "V2", "{7AEFB4F3-8541-41B2-98E7-0B202C680389}"
EndProject
Project("{9A19103F-16F7-4668-BE54-9A1E7A4F7556}") = "IndicoV2", "IndicoV2\IndicoV2.csproj", "{0567B410-BA0A-4494-8631-D2BB32B5397D}"
EndProject
Project("{9A19103F-16F7-4668-BE54-9A1E7A4F7556}") = "IndicoV2.V1Adapters", "IndicoV2.V1Adapters\IndicoV2.V1Adapters.csproj", "{F4AF7C87-BF9E-492F-8668-696EEC0D27FD}"
EndProject
Project("{2150E333-8FDC-42A3-9474-1A3956D46DE8}") = "Solution Items", "Solution Items", "{AEF44DBE-F74E-49C3-BF43-4E748CF2235B}"
	ProjectSection(SolutionItems) = preProject
		.github\workflows\Branch build.yml = .github\workflows\Branch build.yml
		.github\workflows\PR build.yml = .github\workflows\PR build.yml
	EndProjectSection
EndProject
Project("{9A19103F-16F7-4668-BE54-9A1E7A4F7556}") = "IndicoV2.Abstractions", "IndicoV2.Abstractions\IndicoV2.Abstractions.csproj", "{397F6987-E258-49BE-BF97-1BF949EC5840}"
EndProject
Project("{9A19103F-16F7-4668-BE54-9A1E7A4F7556}") = "IndicoV2.Tests", "IndicoV2.Tests\IndicoV2.Tests.csproj", "{8540888D-294C-46F7-BAD0-44A2B6F94E0A}"
EndProject
Project("{9A19103F-16F7-4668-BE54-9A1E7A4F7556}") = "IndicoV2.V1Adapters.Tests", "IndicoV2.V1Adapters.Tests\IndicoV2.V1Adapters.Tests.csproj", "{77D93F6B-65F6-462E-95F1-027A48ADD3D5}"
EndProject
Project("{9A19103F-16F7-4668-BE54-9A1E7A4F7556}") = "IndicoV2.IntegrationTests", "IndicoV2.IntegrationTests\IndicoV2.IntegrationTests.csproj", "{3FA8C489-FA71-4B85-8D02-76D96A6BD673}"
EndProject
Project("{2150E333-8FDC-42A3-9474-1A3956D46DE8}") = "Solution Items", "Solution Items", "{E0AB63FE-E9CD-4EDD-848F-87AB335BAF0A}"
	ProjectSection(SolutionItems) = preProject
		.editorconfig = .editorconfig
	EndProjectSection
EndProject
Global
	GlobalSection(SolutionConfigurationPlatforms) = preSolution
		Debug|Any CPU = Debug|Any CPU
		Debug|x64 = Debug|x64
		Debug|x86 = Debug|x86
		Release|Any CPU = Release|Any CPU
		Release|x64 = Release|x64
		Release|x86 = Release|x86
	EndGlobalSection
	GlobalSection(ProjectConfigurationPlatforms) = postSolution
		{C640372C-563F-4A1F-AA29-55BB2F874C84}.Debug|Any CPU.ActiveCfg = Debug|Any CPU
		{C640372C-563F-4A1F-AA29-55BB2F874C84}.Debug|Any CPU.Build.0 = Debug|Any CPU
		{C640372C-563F-4A1F-AA29-55BB2F874C84}.Debug|x64.ActiveCfg = Debug|Any CPU
		{C640372C-563F-4A1F-AA29-55BB2F874C84}.Debug|x64.Build.0 = Debug|Any CPU
		{C640372C-563F-4A1F-AA29-55BB2F874C84}.Debug|x86.ActiveCfg = Debug|Any CPU
		{C640372C-563F-4A1F-AA29-55BB2F874C84}.Debug|x86.Build.0 = Debug|Any CPU
		{C640372C-563F-4A1F-AA29-55BB2F874C84}.Release|Any CPU.ActiveCfg = Release|Any CPU
		{C640372C-563F-4A1F-AA29-55BB2F874C84}.Release|Any CPU.Build.0 = Release|Any CPU
		{C640372C-563F-4A1F-AA29-55BB2F874C84}.Release|x64.ActiveCfg = Release|Any CPU
		{C640372C-563F-4A1F-AA29-55BB2F874C84}.Release|x64.Build.0 = Release|Any CPU
		{C640372C-563F-4A1F-AA29-55BB2F874C84}.Release|x86.ActiveCfg = Release|Any CPU
		{C640372C-563F-4A1F-AA29-55BB2F874C84}.Release|x86.Build.0 = Release|Any CPU
		{B2073447-E583-437C-B778-58FEC18DBFAB}.Debug|Any CPU.ActiveCfg = Debug|Any CPU
		{B2073447-E583-437C-B778-58FEC18DBFAB}.Debug|Any CPU.Build.0 = Debug|Any CPU
		{B2073447-E583-437C-B778-58FEC18DBFAB}.Debug|x64.ActiveCfg = Debug|Any CPU
		{B2073447-E583-437C-B778-58FEC18DBFAB}.Debug|x64.Build.0 = Debug|Any CPU
		{B2073447-E583-437C-B778-58FEC18DBFAB}.Debug|x86.ActiveCfg = Debug|Any CPU
		{B2073447-E583-437C-B778-58FEC18DBFAB}.Debug|x86.Build.0 = Debug|Any CPU
		{B2073447-E583-437C-B778-58FEC18DBFAB}.Release|Any CPU.ActiveCfg = Release|Any CPU
		{B2073447-E583-437C-B778-58FEC18DBFAB}.Release|Any CPU.Build.0 = Release|Any CPU
		{B2073447-E583-437C-B778-58FEC18DBFAB}.Release|x64.ActiveCfg = Release|Any CPU
		{B2073447-E583-437C-B778-58FEC18DBFAB}.Release|x64.Build.0 = Release|Any CPU
		{B2073447-E583-437C-B778-58FEC18DBFAB}.Release|x86.ActiveCfg = Release|Any CPU
		{B2073447-E583-437C-B778-58FEC18DBFAB}.Release|x86.Build.0 = Release|Any CPU
		{E80667B5-3F03-4024-BE1E-AFB3E296159E}.Debug|Any CPU.ActiveCfg = Debug|Any CPU
		{E80667B5-3F03-4024-BE1E-AFB3E296159E}.Debug|Any CPU.Build.0 = Debug|Any CPU
		{E80667B5-3F03-4024-BE1E-AFB3E296159E}.Debug|x64.ActiveCfg = Debug|Any CPU
		{E80667B5-3F03-4024-BE1E-AFB3E296159E}.Debug|x64.Build.0 = Debug|Any CPU
		{E80667B5-3F03-4024-BE1E-AFB3E296159E}.Debug|x86.ActiveCfg = Debug|Any CPU
		{E80667B5-3F03-4024-BE1E-AFB3E296159E}.Debug|x86.Build.0 = Debug|Any CPU
		{E80667B5-3F03-4024-BE1E-AFB3E296159E}.Release|Any CPU.ActiveCfg = Release|Any CPU
		{E80667B5-3F03-4024-BE1E-AFB3E296159E}.Release|Any CPU.Build.0 = Release|Any CPU
		{E80667B5-3F03-4024-BE1E-AFB3E296159E}.Release|x64.ActiveCfg = Release|Any CPU
		{E80667B5-3F03-4024-BE1E-AFB3E296159E}.Release|x64.Build.0 = Release|Any CPU
		{E80667B5-3F03-4024-BE1E-AFB3E296159E}.Release|x86.ActiveCfg = Release|Any CPU
		{E80667B5-3F03-4024-BE1E-AFB3E296159E}.Release|x86.Build.0 = Release|Any CPU
		{D0B9C38F-8409-4A49-BA6D-0A8D40384C7A}.Debug|Any CPU.ActiveCfg = Debug|Any CPU
		{D0B9C38F-8409-4A49-BA6D-0A8D40384C7A}.Debug|Any CPU.Build.0 = Debug|Any CPU
		{D0B9C38F-8409-4A49-BA6D-0A8D40384C7A}.Debug|x64.ActiveCfg = Debug|Any CPU
		{D0B9C38F-8409-4A49-BA6D-0A8D40384C7A}.Debug|x64.Build.0 = Debug|Any CPU
		{D0B9C38F-8409-4A49-BA6D-0A8D40384C7A}.Debug|x86.ActiveCfg = Debug|Any CPU
		{D0B9C38F-8409-4A49-BA6D-0A8D40384C7A}.Debug|x86.Build.0 = Debug|Any CPU
		{D0B9C38F-8409-4A49-BA6D-0A8D40384C7A}.Release|Any CPU.ActiveCfg = Release|Any CPU
		{D0B9C38F-8409-4A49-BA6D-0A8D40384C7A}.Release|Any CPU.Build.0 = Release|Any CPU
		{D0B9C38F-8409-4A49-BA6D-0A8D40384C7A}.Release|x64.ActiveCfg = Release|Any CPU
		{D0B9C38F-8409-4A49-BA6D-0A8D40384C7A}.Release|x64.Build.0 = Release|Any CPU
		{D0B9C38F-8409-4A49-BA6D-0A8D40384C7A}.Release|x86.ActiveCfg = Release|Any CPU
		{D0B9C38F-8409-4A49-BA6D-0A8D40384C7A}.Release|x86.Build.0 = Release|Any CPU
		{F3510DC3-CDFA-4A54-8DA0-79C67763F790}.Debug|Any CPU.ActiveCfg = Debug|Any CPU
		{F3510DC3-CDFA-4A54-8DA0-79C67763F790}.Debug|Any CPU.Build.0 = Debug|Any CPU
		{F3510DC3-CDFA-4A54-8DA0-79C67763F790}.Debug|x64.ActiveCfg = Debug|Any CPU
		{F3510DC3-CDFA-4A54-8DA0-79C67763F790}.Debug|x64.Build.0 = Debug|Any CPU
		{F3510DC3-CDFA-4A54-8DA0-79C67763F790}.Debug|x86.ActiveCfg = Debug|Any CPU
		{F3510DC3-CDFA-4A54-8DA0-79C67763F790}.Debug|x86.Build.0 = Debug|Any CPU
		{F3510DC3-CDFA-4A54-8DA0-79C67763F790}.Release|Any CPU.ActiveCfg = Release|Any CPU
		{F3510DC3-CDFA-4A54-8DA0-79C67763F790}.Release|Any CPU.Build.0 = Release|Any CPU
		{F3510DC3-CDFA-4A54-8DA0-79C67763F790}.Release|x64.ActiveCfg = Release|Any CPU
		{F3510DC3-CDFA-4A54-8DA0-79C67763F790}.Release|x64.Build.0 = Release|Any CPU
		{F3510DC3-CDFA-4A54-8DA0-79C67763F790}.Release|x86.ActiveCfg = Release|Any CPU
		{F3510DC3-CDFA-4A54-8DA0-79C67763F790}.Release|x86.Build.0 = Release|Any CPU
		{4A314A4A-786A-4D72-A1CB-C6A57F5FA8F5}.Debug|Any CPU.ActiveCfg = Debug|Any CPU
		{4A314A4A-786A-4D72-A1CB-C6A57F5FA8F5}.Debug|Any CPU.Build.0 = Debug|Any CPU
		{4A314A4A-786A-4D72-A1CB-C6A57F5FA8F5}.Debug|x64.ActiveCfg = Debug|Any CPU
		{4A314A4A-786A-4D72-A1CB-C6A57F5FA8F5}.Debug|x64.Build.0 = Debug|Any CPU
		{4A314A4A-786A-4D72-A1CB-C6A57F5FA8F5}.Debug|x86.ActiveCfg = Debug|Any CPU
		{4A314A4A-786A-4D72-A1CB-C6A57F5FA8F5}.Debug|x86.Build.0 = Debug|Any CPU
		{4A314A4A-786A-4D72-A1CB-C6A57F5FA8F5}.Release|Any CPU.ActiveCfg = Release|Any CPU
		{4A314A4A-786A-4D72-A1CB-C6A57F5FA8F5}.Release|Any CPU.Build.0 = Release|Any CPU
		{4A314A4A-786A-4D72-A1CB-C6A57F5FA8F5}.Release|x64.ActiveCfg = Release|Any CPU
		{4A314A4A-786A-4D72-A1CB-C6A57F5FA8F5}.Release|x64.Build.0 = Release|Any CPU
		{4A314A4A-786A-4D72-A1CB-C6A57F5FA8F5}.Release|x86.ActiveCfg = Release|Any CPU
		{4A314A4A-786A-4D72-A1CB-C6A57F5FA8F5}.Release|x86.Build.0 = Release|Any CPU
		{31682601-4777-44AC-8668-DE009F70C131}.Debug|Any CPU.ActiveCfg = Debug|Any CPU
		{31682601-4777-44AC-8668-DE009F70C131}.Debug|Any CPU.Build.0 = Debug|Any CPU
		{31682601-4777-44AC-8668-DE009F70C131}.Debug|x64.ActiveCfg = Debug|Any CPU
		{31682601-4777-44AC-8668-DE009F70C131}.Debug|x64.Build.0 = Debug|Any CPU
		{31682601-4777-44AC-8668-DE009F70C131}.Debug|x86.ActiveCfg = Debug|Any CPU
		{31682601-4777-44AC-8668-DE009F70C131}.Debug|x86.Build.0 = Debug|Any CPU
		{31682601-4777-44AC-8668-DE009F70C131}.Release|Any CPU.ActiveCfg = Release|Any CPU
		{31682601-4777-44AC-8668-DE009F70C131}.Release|Any CPU.Build.0 = Release|Any CPU
		{31682601-4777-44AC-8668-DE009F70C131}.Release|x64.ActiveCfg = Release|Any CPU
		{31682601-4777-44AC-8668-DE009F70C131}.Release|x64.Build.0 = Release|Any CPU
		{31682601-4777-44AC-8668-DE009F70C131}.Release|x86.ActiveCfg = Release|Any CPU
		{31682601-4777-44AC-8668-DE009F70C131}.Release|x86.Build.0 = Release|Any CPU
		{45DCF6F0-6727-4D94-8E72-9A8A3F04733A}.Debug|Any CPU.ActiveCfg = Debug|Any CPU
		{45DCF6F0-6727-4D94-8E72-9A8A3F04733A}.Debug|Any CPU.Build.0 = Debug|Any CPU
		{45DCF6F0-6727-4D94-8E72-9A8A3F04733A}.Debug|x64.ActiveCfg = Debug|Any CPU
		{45DCF6F0-6727-4D94-8E72-9A8A3F04733A}.Debug|x64.Build.0 = Debug|Any CPU
		{45DCF6F0-6727-4D94-8E72-9A8A3F04733A}.Debug|x86.ActiveCfg = Debug|Any CPU
		{45DCF6F0-6727-4D94-8E72-9A8A3F04733A}.Debug|x86.Build.0 = Debug|Any CPU
		{45DCF6F0-6727-4D94-8E72-9A8A3F04733A}.Release|Any CPU.ActiveCfg = Release|Any CPU
		{45DCF6F0-6727-4D94-8E72-9A8A3F04733A}.Release|Any CPU.Build.0 = Release|Any CPU
		{45DCF6F0-6727-4D94-8E72-9A8A3F04733A}.Release|x64.ActiveCfg = Release|Any CPU
		{45DCF6F0-6727-4D94-8E72-9A8A3F04733A}.Release|x64.Build.0 = Release|Any CPU
		{45DCF6F0-6727-4D94-8E72-9A8A3F04733A}.Release|x86.ActiveCfg = Release|Any CPU
		{45DCF6F0-6727-4D94-8E72-9A8A3F04733A}.Release|x86.Build.0 = Release|Any CPU
		{0567B410-BA0A-4494-8631-D2BB32B5397D}.Debug|Any CPU.ActiveCfg = Debug|Any CPU
		{0567B410-BA0A-4494-8631-D2BB32B5397D}.Debug|Any CPU.Build.0 = Debug|Any CPU
		{0567B410-BA0A-4494-8631-D2BB32B5397D}.Debug|x64.ActiveCfg = Debug|Any CPU
		{0567B410-BA0A-4494-8631-D2BB32B5397D}.Debug|x64.Build.0 = Debug|Any CPU
		{0567B410-BA0A-4494-8631-D2BB32B5397D}.Debug|x86.ActiveCfg = Debug|Any CPU
		{0567B410-BA0A-4494-8631-D2BB32B5397D}.Debug|x86.Build.0 = Debug|Any CPU
		{0567B410-BA0A-4494-8631-D2BB32B5397D}.Release|Any CPU.ActiveCfg = Release|Any CPU
		{0567B410-BA0A-4494-8631-D2BB32B5397D}.Release|Any CPU.Build.0 = Release|Any CPU
		{0567B410-BA0A-4494-8631-D2BB32B5397D}.Release|x64.ActiveCfg = Release|Any CPU
		{0567B410-BA0A-4494-8631-D2BB32B5397D}.Release|x64.Build.0 = Release|Any CPU
		{0567B410-BA0A-4494-8631-D2BB32B5397D}.Release|x86.ActiveCfg = Release|Any CPU
		{0567B410-BA0A-4494-8631-D2BB32B5397D}.Release|x86.Build.0 = Release|Any CPU
		{F4AF7C87-BF9E-492F-8668-696EEC0D27FD}.Debug|Any CPU.ActiveCfg = Debug|Any CPU
		{F4AF7C87-BF9E-492F-8668-696EEC0D27FD}.Debug|Any CPU.Build.0 = Debug|Any CPU
		{F4AF7C87-BF9E-492F-8668-696EEC0D27FD}.Debug|x64.ActiveCfg = Debug|Any CPU
		{F4AF7C87-BF9E-492F-8668-696EEC0D27FD}.Debug|x64.Build.0 = Debug|Any CPU
		{F4AF7C87-BF9E-492F-8668-696EEC0D27FD}.Debug|x86.ActiveCfg = Debug|Any CPU
		{F4AF7C87-BF9E-492F-8668-696EEC0D27FD}.Debug|x86.Build.0 = Debug|Any CPU
		{F4AF7C87-BF9E-492F-8668-696EEC0D27FD}.Release|Any CPU.ActiveCfg = Release|Any CPU
		{F4AF7C87-BF9E-492F-8668-696EEC0D27FD}.Release|Any CPU.Build.0 = Release|Any CPU
		{F4AF7C87-BF9E-492F-8668-696EEC0D27FD}.Release|x64.ActiveCfg = Release|Any CPU
		{F4AF7C87-BF9E-492F-8668-696EEC0D27FD}.Release|x64.Build.0 = Release|Any CPU
		{F4AF7C87-BF9E-492F-8668-696EEC0D27FD}.Release|x86.ActiveCfg = Release|Any CPU
		{F4AF7C87-BF9E-492F-8668-696EEC0D27FD}.Release|x86.Build.0 = Release|Any CPU
		{397F6987-E258-49BE-BF97-1BF949EC5840}.Debug|Any CPU.ActiveCfg = Debug|Any CPU
		{397F6987-E258-49BE-BF97-1BF949EC5840}.Debug|Any CPU.Build.0 = Debug|Any CPU
		{397F6987-E258-49BE-BF97-1BF949EC5840}.Debug|x64.ActiveCfg = Debug|Any CPU
		{397F6987-E258-49BE-BF97-1BF949EC5840}.Debug|x64.Build.0 = Debug|Any CPU
		{397F6987-E258-49BE-BF97-1BF949EC5840}.Debug|x86.ActiveCfg = Debug|Any CPU
		{397F6987-E258-49BE-BF97-1BF949EC5840}.Debug|x86.Build.0 = Debug|Any CPU
		{397F6987-E258-49BE-BF97-1BF949EC5840}.Release|Any CPU.ActiveCfg = Release|Any CPU
		{397F6987-E258-49BE-BF97-1BF949EC5840}.Release|Any CPU.Build.0 = Release|Any CPU
		{397F6987-E258-49BE-BF97-1BF949EC5840}.Release|x64.ActiveCfg = Release|Any CPU
		{397F6987-E258-49BE-BF97-1BF949EC5840}.Release|x64.Build.0 = Release|Any CPU
		{397F6987-E258-49BE-BF97-1BF949EC5840}.Release|x86.ActiveCfg = Release|Any CPU
		{397F6987-E258-49BE-BF97-1BF949EC5840}.Release|x86.Build.0 = Release|Any CPU
		{8540888D-294C-46F7-BAD0-44A2B6F94E0A}.Debug|Any CPU.ActiveCfg = Debug|Any CPU
		{8540888D-294C-46F7-BAD0-44A2B6F94E0A}.Debug|Any CPU.Build.0 = Debug|Any CPU
		{8540888D-294C-46F7-BAD0-44A2B6F94E0A}.Debug|x64.ActiveCfg = Debug|Any CPU
		{8540888D-294C-46F7-BAD0-44A2B6F94E0A}.Debug|x64.Build.0 = Debug|Any CPU
		{8540888D-294C-46F7-BAD0-44A2B6F94E0A}.Debug|x86.ActiveCfg = Debug|Any CPU
		{8540888D-294C-46F7-BAD0-44A2B6F94E0A}.Debug|x86.Build.0 = Debug|Any CPU
		{8540888D-294C-46F7-BAD0-44A2B6F94E0A}.Release|Any CPU.ActiveCfg = Release|Any CPU
		{8540888D-294C-46F7-BAD0-44A2B6F94E0A}.Release|Any CPU.Build.0 = Release|Any CPU
		{8540888D-294C-46F7-BAD0-44A2B6F94E0A}.Release|x64.ActiveCfg = Release|Any CPU
		{8540888D-294C-46F7-BAD0-44A2B6F94E0A}.Release|x64.Build.0 = Release|Any CPU
		{8540888D-294C-46F7-BAD0-44A2B6F94E0A}.Release|x86.ActiveCfg = Release|Any CPU
		{8540888D-294C-46F7-BAD0-44A2B6F94E0A}.Release|x86.Build.0 = Release|Any CPU
		{77D93F6B-65F6-462E-95F1-027A48ADD3D5}.Debug|Any CPU.ActiveCfg = Debug|Any CPU
		{77D93F6B-65F6-462E-95F1-027A48ADD3D5}.Debug|Any CPU.Build.0 = Debug|Any CPU
		{77D93F6B-65F6-462E-95F1-027A48ADD3D5}.Debug|x64.ActiveCfg = Debug|Any CPU
		{77D93F6B-65F6-462E-95F1-027A48ADD3D5}.Debug|x64.Build.0 = Debug|Any CPU
		{77D93F6B-65F6-462E-95F1-027A48ADD3D5}.Debug|x86.ActiveCfg = Debug|Any CPU
		{77D93F6B-65F6-462E-95F1-027A48ADD3D5}.Debug|x86.Build.0 = Debug|Any CPU
		{77D93F6B-65F6-462E-95F1-027A48ADD3D5}.Release|Any CPU.ActiveCfg = Release|Any CPU
		{77D93F6B-65F6-462E-95F1-027A48ADD3D5}.Release|Any CPU.Build.0 = Release|Any CPU
		{77D93F6B-65F6-462E-95F1-027A48ADD3D5}.Release|x64.ActiveCfg = Release|Any CPU
		{77D93F6B-65F6-462E-95F1-027A48ADD3D5}.Release|x64.Build.0 = Release|Any CPU
		{77D93F6B-65F6-462E-95F1-027A48ADD3D5}.Release|x86.ActiveCfg = Release|Any CPU
		{77D93F6B-65F6-462E-95F1-027A48ADD3D5}.Release|x86.Build.0 = Release|Any CPU
		{3FA8C489-FA71-4B85-8D02-76D96A6BD673}.Debug|Any CPU.ActiveCfg = Debug|Any CPU
		{3FA8C489-FA71-4B85-8D02-76D96A6BD673}.Debug|Any CPU.Build.0 = Debug|Any CPU
		{3FA8C489-FA71-4B85-8D02-76D96A6BD673}.Debug|x64.ActiveCfg = Debug|Any CPU
		{3FA8C489-FA71-4B85-8D02-76D96A6BD673}.Debug|x64.Build.0 = Debug|Any CPU
		{3FA8C489-FA71-4B85-8D02-76D96A6BD673}.Debug|x86.ActiveCfg = Debug|Any CPU
		{3FA8C489-FA71-4B85-8D02-76D96A6BD673}.Debug|x86.Build.0 = Debug|Any CPU
		{3FA8C489-FA71-4B85-8D02-76D96A6BD673}.Release|Any CPU.ActiveCfg = Release|Any CPU
		{3FA8C489-FA71-4B85-8D02-76D96A6BD673}.Release|Any CPU.Build.0 = Release|Any CPU
		{3FA8C489-FA71-4B85-8D02-76D96A6BD673}.Release|x64.ActiveCfg = Release|Any CPU
		{3FA8C489-FA71-4B85-8D02-76D96A6BD673}.Release|x64.Build.0 = Release|Any CPU
		{3FA8C489-FA71-4B85-8D02-76D96A6BD673}.Release|x86.ActiveCfg = Release|Any CPU
		{3FA8C489-FA71-4B85-8D02-76D96A6BD673}.Release|x86.Build.0 = Release|Any CPU
	EndGlobalSection
	GlobalSection(SolutionProperties) = preSolution
		HideSolutionNode = FALSE
	EndGlobalSection
	GlobalSection(NestedProjects) = preSolution
		{E80667B5-3F03-4024-BE1E-AFB3E296159E} = {DD4C5530-B244-46CD-B4E8-A0DFE0C6A542}
		{D0B9C38F-8409-4A49-BA6D-0A8D40384C7A} = {DD4C5530-B244-46CD-B4E8-A0DFE0C6A542}
		{F3510DC3-CDFA-4A54-8DA0-79C67763F790} = {DD4C5530-B244-46CD-B4E8-A0DFE0C6A542}
		{4A314A4A-786A-4D72-A1CB-C6A57F5FA8F5} = {DD4C5530-B244-46CD-B4E8-A0DFE0C6A542}
		{31682601-4777-44AC-8668-DE009F70C131} = {DD4C5530-B244-46CD-B4E8-A0DFE0C6A542}
		{45DCF6F0-6727-4D94-8E72-9A8A3F04733A} = {DD4C5530-B244-46CD-B4E8-A0DFE0C6A542}
		{0567B410-BA0A-4494-8631-D2BB32B5397D} = {7AEFB4F3-8541-41B2-98E7-0B202C680389}
		{F4AF7C87-BF9E-492F-8668-696EEC0D27FD} = {7AEFB4F3-8541-41B2-98E7-0B202C680389}
		{397F6987-E258-49BE-BF97-1BF949EC5840} = {7AEFB4F3-8541-41B2-98E7-0B202C680389}
		{8540888D-294C-46F7-BAD0-44A2B6F94E0A} = {7AEFB4F3-8541-41B2-98E7-0B202C680389}
		{77D93F6B-65F6-462E-95F1-027A48ADD3D5} = {7AEFB4F3-8541-41B2-98E7-0B202C680389}
		{3FA8C489-FA71-4B85-8D02-76D96A6BD673} = {7AEFB4F3-8541-41B2-98E7-0B202C680389}
	EndGlobalSection
	GlobalSection(ExtensibilityGlobals) = postSolution
		SolutionGuid = {38B0065C-774B-4FD4-BB59-14DE16428C2D}
	EndGlobalSection
EndGlobal
