Microsoft Visual Studio Solution File, Format Version 12.00
# Visual Studio Version 17
VisualStudioVersion = 17.2.32630.192
MinimumVisualStudioVersion = 10.0.40219.1
Project("{2150E333-8FDC-42A3-9474-1A3956D46DE8}") = "V2", "V2", "{7AEFB4F3-8541-41B2-98E7-0B202C680389}"
EndProject
Project("{2150E333-8FDC-42A3-9474-1A3956D46DE8}") = "Solution Items", "Solution Items", "{E0AB63FE-E9CD-4EDD-848F-87AB335BAF0A}"
	ProjectSection(SolutionItems) = preProject
		.editorconfig = .editorconfig
		.gitignore = .gitignore
		.github\workflows\Branch build.yml = .github\workflows\Branch build.yml
		Directory.Build.props = Directory.Build.props
		Nuget.props = Nuget.props
		.github\workflows\PR build.yml = .github\workflows\PR build.yml
	EndProjectSection
EndProject
Project("{9A19103F-16F7-4668-BE54-9A1E7A4F7556}") = "IndicoV2.StrawberryShake", "IndicoV2.StrawberryShake\IndicoV2.StrawberryShake.csproj", "{8036AC74-2DC5-4C98-89F6-99E74CEC4858}"
EndProject
Project("{FAE04EC0-301F-11D3-BF4B-00C04F79EFBC}") = "IndicoV2", "IndicoV2\IndicoV2.csproj", "{415CC133-8266-43CE-A684-315E0A03D9E1}"
EndProject
Project("{FAE04EC0-301F-11D3-BF4B-00C04F79EFBC}") = "IndicoV2.Abstractions", "IndicoV2.Abstractions\IndicoV2.Abstractions.csproj", "{372C5822-1561-4F56-B11D-410F2653081F}"
EndProject
EndProject
Global
	GlobalSection(SolutionConfigurationPlatforms) = preSolution
		Debug|Any CPU = Debug|Any CPU
		Debug|x64 = Debug|x64
		Debug|x86 = Debug|x86
		Release|Any CPU = Release|Any CPU
		Release|x64 = Release|x64
		Release|x86 = Release|x86
	EndGlobalSection
	GlobalSection(ProjectConfigurationPlatforms) = postSolution
		{C640372C-563F-4A1F-AA29-55BB2F874C84}.Debug|Any CPU.ActiveCfg = Debug|Any CPU
		{C640372C-563F-4A1F-AA29-55BB2F874C84}.Debug|Any CPU.Build.0 = Debug|Any CPU
		{C640372C-563F-4A1F-AA29-55BB2F874C84}.Debug|x64.ActiveCfg = Debug|Any CPU
		{C640372C-563F-4A1F-AA29-55BB2F874C84}.Debug|x64.Build.0 = Debug|Any CPU
		{C640372C-563F-4A1F-AA29-55BB2F874C84}.Debug|x86.ActiveCfg = Debug|Any CPU
		{C640372C-563F-4A1F-AA29-55BB2F874C84}.Debug|x86.Build.0 = Debug|Any CPU
		{C640372C-563F-4A1F-AA29-55BB2F874C84}.Release|Any CPU.ActiveCfg = Release|Any CPU
		{C640372C-563F-4A1F-AA29-55BB2F874C84}.Release|Any CPU.Build.0 = Release|Any CPU
		{C640372C-563F-4A1F-AA29-55BB2F874C84}.Release|x64.ActiveCfg = Release|Any CPU
		{C640372C-563F-4A1F-AA29-55BB2F874C84}.Release|x64.Build.0 = Release|Any CPU
		{C640372C-563F-4A1F-AA29-55BB2F874C84}.Release|x86.ActiveCfg = Release|Any CPU
		{C640372C-563F-4A1F-AA29-55BB2F874C84}.Release|x86.Build.0 = Release|Any CPU
		{8036AC74-2DC5-4C98-89F6-99E74CEC4858}.Debug|Any CPU.ActiveCfg = Debug|Any CPU
		{8036AC74-2DC5-4C98-89F6-99E74CEC4858}.Debug|Any CPU.Build.0 = Debug|Any CPU
		{8036AC74-2DC5-4C98-89F6-99E74CEC4858}.Debug|x64.ActiveCfg = Debug|Any CPU
		{8036AC74-2DC5-4C98-89F6-99E74CEC4858}.Debug|x64.Build.0 = Debug|Any CPU
		{8036AC74-2DC5-4C98-89F6-99E74CEC4858}.Debug|x86.ActiveCfg = Debug|Any CPU
		{8036AC74-2DC5-4C98-89F6-99E74CEC4858}.Debug|x86.Build.0 = Debug|Any CPU
		{8036AC74-2DC5-4C98-89F6-99E74CEC4858}.Release|Any CPU.ActiveCfg = Release|Any CPU
		{8036AC74-2DC5-4C98-89F6-99E74CEC4858}.Release|Any CPU.Build.0 = Release|Any CPU
		{8036AC74-2DC5-4C98-89F6-99E74CEC4858}.Release|x64.ActiveCfg = Release|Any CPU
		{8036AC74-2DC5-4C98-89F6-99E74CEC4858}.Release|x64.Build.0 = Release|Any CPU
		{8036AC74-2DC5-4C98-89F6-99E74CEC4858}.Release|x86.ActiveCfg = Release|Any CPU
		{8036AC74-2DC5-4C98-89F6-99E74CEC4858}.Release|x86.Build.0 = Release|Any CPU
		{415CC133-8266-43CE-A684-315E0A03D9E1}.Debug|Any CPU.ActiveCfg = Debug|Any CPU
		{415CC133-8266-43CE-A684-315E0A03D9E1}.Debug|Any CPU.Build.0 = Debug|Any CPU
		{415CC133-8266-43CE-A684-315E0A03D9E1}.Debug|x64.ActiveCfg = Debug|Any CPU
		{415CC133-8266-43CE-A684-315E0A03D9E1}.Debug|x64.Build.0 = Debug|Any CPU
		{415CC133-8266-43CE-A684-315E0A03D9E1}.Debug|x86.ActiveCfg = Debug|Any CPU
		{415CC133-8266-43CE-A684-315E0A03D9E1}.Debug|x86.Build.0 = Debug|Any CPU
		{415CC133-8266-43CE-A684-315E0A03D9E1}.Release|Any CPU.ActiveCfg = Release|Any CPU
		{415CC133-8266-43CE-A684-315E0A03D9E1}.Release|Any CPU.Build.0 = Release|Any CPU
		{415CC133-8266-43CE-A684-315E0A03D9E1}.Release|x64.ActiveCfg = Release|Any CPU
		{415CC133-8266-43CE-A684-315E0A03D9E1}.Release|x64.Build.0 = Release|Any CPU
		{415CC133-8266-43CE-A684-315E0A03D9E1}.Release|x86.ActiveCfg = Release|Any CPU
		{415CC133-8266-43CE-A684-315E0A03D9E1}.Release|x86.Build.0 = Release|Any CPU
		{372C5822-1561-4F56-B11D-410F2653081F}.Debug|Any CPU.ActiveCfg = Debug|Any CPU
		{372C5822-1561-4F56-B11D-410F2653081F}.Debug|Any CPU.Build.0 = Debug|Any CPU
		{372C5822-1561-4F56-B11D-410F2653081F}.Debug|x64.ActiveCfg = Debug|Any CPU
		{372C5822-1561-4F56-B11D-410F2653081F}.Debug|x64.Build.0 = Debug|Any CPU
		{372C5822-1561-4F56-B11D-410F2653081F}.Debug|x86.ActiveCfg = Debug|Any CPU
		{372C5822-1561-4F56-B11D-410F2653081F}.Debug|x86.Build.0 = Debug|Any CPU
		{372C5822-1561-4F56-B11D-410F2653081F}.Release|Any CPU.ActiveCfg = Release|Any CPU
		{372C5822-1561-4F56-B11D-410F2653081F}.Release|Any CPU.Build.0 = Release|Any CPU
		{372C5822-1561-4F56-B11D-410F2653081F}.Release|x64.ActiveCfg = Release|Any CPU
		{372C5822-1561-4F56-B11D-410F2653081F}.Release|x64.Build.0 = Release|Any CPU
		{372C5822-1561-4F56-B11D-410F2653081F}.Release|x86.ActiveCfg = Release|Any CPU
		{372C5822-1561-4F56-B11D-410F2653081F}.Release|x86.Build.0 = Release|Any CPU
		{5ECBB2F8-14EF-427E-9136-2458C9A0860E}.Debug|Any CPU.ActiveCfg = Debug|Any CPU
		{5ECBB2F8-14EF-427E-9136-2458C9A0860E}.Debug|Any CPU.Build.0 = Debug|Any CPU
		{5ECBB2F8-14EF-427E-9136-2458C9A0860E}.Debug|x64.ActiveCfg = Debug|Any CPU
		{5ECBB2F8-14EF-427E-9136-2458C9A0860E}.Debug|x64.Build.0 = Debug|Any CPU
		{5ECBB2F8-14EF-427E-9136-2458C9A0860E}.Debug|x86.ActiveCfg = Debug|Any CPU
		{5ECBB2F8-14EF-427E-9136-2458C9A0860E}.Debug|x86.Build.0 = Debug|Any CPU
		{5ECBB2F8-14EF-427E-9136-2458C9A0860E}.Release|Any CPU.ActiveCfg = Release|Any CPU
		{5ECBB2F8-14EF-427E-9136-2458C9A0860E}.Release|Any CPU.Build.0 = Release|Any CPU
		{5ECBB2F8-14EF-427E-9136-2458C9A0860E}.Release|x64.ActiveCfg = Release|Any CPU
		{5ECBB2F8-14EF-427E-9136-2458C9A0860E}.Release|x64.Build.0 = Release|Any CPU
		{5ECBB2F8-14EF-427E-9136-2458C9A0860E}.Release|x86.ActiveCfg = Release|Any CPU
		{5ECBB2F8-14EF-427E-9136-2458C9A0860E}.Release|x86.Build.0 = Release|Any CPU
	EndGlobalSection
	GlobalSection(SolutionProperties) = preSolution
		HideSolutionNode = FALSE
	EndGlobalSection
	GlobalSection(NestedProjects) = preSolution
		{8036AC74-2DC5-4C98-89F6-99E74CEC4858} = {7AEFB4F3-8541-41B2-98E7-0B202C680389}
	EndGlobalSection
	GlobalSection(ExtensibilityGlobals) = postSolution
		SolutionGuid = {38B0065C-774B-4FD4-BB59-14DE16428C2D}
	EndGlobalSection
EndGlobal
